
Microsoft Visual Studio Solution File, Format Version 12.00
# Visual Studio Version 16
VisualStudioVersion = 16.0.30611.23
MinimumVisualStudioVersion = 10.0.40219.1
Project("{FAE04EC0-301F-11D3-BF4B-00C04F79EFBC}") = "OneSignal", "OneSignal.csproj", "{507F5B7B-79FE-4BF6-A6D9-ED9436FE3648}"
EndProject
Global
	GlobalSection(SolutionConfigurationPlatforms) = preSolution
		Debug|Any CPU = Debug|Any CPU
		Release|Any CPU = Release|Any CPU
	EndGlobalSection
	GlobalSection(ProjectConfigurationPlatforms) = postSolution
		{507F5B7B-79FE-4BF6-A6D9-ED9436FE3648}.Debug|Any CPU.ActiveCfg = Debug|Any CPU
		{507F5B7B-79FE-4BF6-A6D9-ED9436FE3648}.Debug|Any CPU.Build.0 = Debug|Any CPU
		{507F5B7B-79FE-4BF6-A6D9-ED9436FE3648}.Release|Any CPU.ActiveCfg = Release|Any CPU
		{507F5B7B-79FE-4BF6-A6D9-ED9436FE3648}.Release|Any CPU.Build.0 = Release|Any CPU
	EndGlobalSection
	GlobalSection(SolutionProperties) = preSolution
		HideSolutionNode = FALSE
	EndGlobalSection
	GlobalSection(ExtensibilityGlobals) = postSolution
		SolutionGuid = {471761A6-DF56-4489-8D19-3C5CD13E8157}
	EndGlobalSection
EndGlobal
